// !$*UTF8*$!
{
	archiveVersion = 1;
	classes = {
	};
	objectVersion = 50;
	objects = {

/* Begin PBXBuildFile section */
		54397FEF209271EF0079D365 /* ListTimelineTableViewController.swift in Sources */ = {isa = PBXBuildFile; fileRef = 54397FEE209271EF0079D365 /* ListTimelineTableViewController.swift */; };
		54529ED82087AFA2007B769B /* AppDelegate.swift in Sources */ = {isa = PBXBuildFile; fileRef = 54529ED72087AFA2007B769B /* AppDelegate.swift */; };
		54529EDA2087AFA2007B769B /* ViewController.swift in Sources */ = {isa = PBXBuildFile; fileRef = 54529ED92087AFA2007B769B /* ViewController.swift */; };
		54529EDD2087AFA2007B769B /* Main.storyboard in Resources */ = {isa = PBXBuildFile; fileRef = 54529EDB2087AFA2007B769B /* Main.storyboard */; };
		54529EDF2087AFA4007B769B /* Assets.xcassets in Resources */ = {isa = PBXBuildFile; fileRef = 54529EDE2087AFA4007B769B /* Assets.xcassets */; };
		54529EE22087AFA4007B769B /* LaunchScreen.storyboard in Resources */ = {isa = PBXBuildFile; fileRef = 54529EE02087AFA4007B769B /* LaunchScreen.storyboard */; };
		54529EEC2087B87C007B769B /* Twitter-Kit-iOS in Resources */ = {isa = PBXBuildFile; fileRef = 54529EEB2087B87C007B769B /* Twitter-Kit-iOS */; };
		54529EEE2087B913007B769B /* Twitter-Kit-iOS in Frameworks */ = {isa = PBXBuildFile; fileRef = 54529EED2087B906007B769B /* Twitter-Kit-iOS */; };
		5456F7EA208E819E00E69BA0 /* Info.plist in Resources */ = {isa = PBXBuildFile; fileRef = 54529EE32087AFA4007B769B /* Info.plist */; };
		54B1D8BB2093AB8C00ACC0AF /* SecondTeamVC.swift in Sources */ = {isa = PBXBuildFile; fileRef = 54B1D8BA2093AB8C00ACC0AF /* SecondTeamVC.swift */; };
		7EBC1443C15B5E2C1C83953B /* Pods_FinalProject.framework in Frameworks */ = {isa = PBXBuildFile; fileRef = A8EAE10CA4819A3DE37EE68A /* Pods_FinalProject.framework */; };
/* End PBXBuildFile section */

/* Begin PBXFileReference section */
		54397FEE209271EF0079D365 /* ListTimelineTableViewController.swift */ = {isa = PBXFileReference; lastKnownFileType = sourcecode.swift; path = ListTimelineTableViewController.swift; sourceTree = "<group>"; };
		54529ED42087AFA2007B769B /* FinalProject.app */ = {isa = PBXFileReference; explicitFileType = wrapper.application; includeInIndex = 0; path = FinalProject.app; sourceTree = BUILT_PRODUCTS_DIR; };
		54529ED72087AFA2007B769B /* AppDelegate.swift */ = {isa = PBXFileReference; lastKnownFileType = sourcecode.swift; path = AppDelegate.swift; sourceTree = "<group>"; };
		54529ED92087AFA2007B769B /* ViewController.swift */ = {isa = PBXFileReference; lastKnownFileType = sourcecode.swift; path = ViewController.swift; sourceTree = "<group>"; };
		54529EDC2087AFA2007B769B /* Base */ = {isa = PBXFileReference; lastKnownFileType = file.storyboard; name = Base; path = Base.lproj/Main.storyboard; sourceTree = "<group>"; };
		54529EDE2087AFA4007B769B /* Assets.xcassets */ = {isa = PBXFileReference; lastKnownFileType = folder.assetcatalog; path = Assets.xcassets; sourceTree = "<group>"; };
		54529EE12087AFA4007B769B /* Base */ = {isa = PBXFileReference; lastKnownFileType = file.storyboard; name = Base; path = Base.lproj/LaunchScreen.storyboard; sourceTree = "<group>"; };
		54529EE32087AFA4007B769B /* Info.plist */ = {isa = PBXFileReference; lastKnownFileType = text.plist.xml; path = Info.plist; sourceTree = "<group>"; };
		54529EEB2087B87C007B769B /* Twitter-Kit-iOS */ = {isa = PBXFileReference; lastKnownFileType = folder; path = "Twitter-Kit-iOS"; sourceTree = "<group>"; };
		54529EED2087B906007B769B /* Twitter-Kit-iOS */ = {isa = PBXFileReference; lastKnownFileType = folder; name = "Twitter-Kit-iOS"; path = "FinalProject/Twitter-Kit-iOS"; sourceTree = "<group>"; };
		54B1D8BA2093AB8C00ACC0AF /* SecondTeamVC.swift */ = {isa = PBXFileReference; lastKnownFileType = sourcecode.swift; path = SecondTeamVC.swift; sourceTree = "<group>"; };
		A8EAE10CA4819A3DE37EE68A /* Pods_FinalProject.framework */ = {isa = PBXFileReference; explicitFileType = wrapper.framework; includeInIndex = 0; path = Pods_FinalProject.framework; sourceTree = BUILT_PRODUCTS_DIR; };
		B65ECAD6318A4E82ED908014 /* Pods-FinalProject.release.xcconfig */ = {isa = PBXFileReference; includeInIndex = 1; lastKnownFileType = text.xcconfig; name = "Pods-FinalProject.release.xcconfig"; path = "Pods/Target Support Files/Pods-FinalProject/Pods-FinalProject.release.xcconfig"; sourceTree = "<group>"; };
		D7F302984F2297F30D797B13 /* Pods-FinalProject.debug.xcconfig */ = {isa = PBXFileReference; includeInIndex = 1; lastKnownFileType = text.xcconfig; name = "Pods-FinalProject.debug.xcconfig"; path = "Pods/Target Support Files/Pods-FinalProject/Pods-FinalProject.debug.xcconfig"; sourceTree = "<group>"; };
/* End PBXFileReference section */

/* Begin PBXFrameworksBuildPhase section */
		54529ED12087AFA2007B769B /* Frameworks */ = {
			isa = PBXFrameworksBuildPhase;
			buildActionMask = 2147483647;
			files = (
				54529EEE2087B913007B769B /* Twitter-Kit-iOS in Frameworks */,
				7EBC1443C15B5E2C1C83953B /* Pods_FinalProject.framework in Frameworks */,
			);
			runOnlyForDeploymentPostprocessing = 0;
		};
/* End PBXFrameworksBuildPhase section */

/* Begin PBXGroup section */
		54529ECB2087AFA2007B769B = {
			isa = PBXGroup;
			children = (
				54529EED2087B906007B769B /* Twitter-Kit-iOS */,
				54529ED62087AFA2007B769B /* FinalProject */,
				54529ED52087AFA2007B769B /* Products */,
				E530CC6DDB48A2F0C68EB74E /* Pods */,
				7A6859740FF4F12340073C62 /* Frameworks */,
			);
			sourceTree = "<group>";
		};
		54529ED52087AFA2007B769B /* Products */ = {
			isa = PBXGroup;
			children = (
				54529ED42087AFA2007B769B /* FinalProject.app */,
			);
			name = Products;
			sourceTree = "<group>";
		};
		54529ED62087AFA2007B769B /* FinalProject */ = {
			isa = PBXGroup;
			children = (
				54529ED72087AFA2007B769B /* AppDelegate.swift */,
				54529ED92087AFA2007B769B /* ViewController.swift */,
				54397FEE209271EF0079D365 /* ListTimelineTableViewController.swift */,
				54B1D8BA2093AB8C00ACC0AF /* SecondTeamVC.swift */,
				54529EDB2087AFA2007B769B /* Main.storyboard */,
				54529EDE2087AFA4007B769B /* Assets.xcassets */,
				54529EE02087AFA4007B769B /* LaunchScreen.storyboard */,
				54529EE32087AFA4007B769B /* Info.plist */,
				54529EEB2087B87C007B769B /* Twitter-Kit-iOS */,
			);
			path = FinalProject;
			sourceTree = "<group>";
		};
		7A6859740FF4F12340073C62 /* Frameworks */ = {
			isa = PBXGroup;
			children = (
				A8EAE10CA4819A3DE37EE68A /* Pods_FinalProject.framework */,
			);
			name = Frameworks;
			sourceTree = "<group>";
		};
		E530CC6DDB48A2F0C68EB74E /* Pods */ = {
			isa = PBXGroup;
			children = (
				D7F302984F2297F30D797B13 /* Pods-FinalProject.debug.xcconfig */,
				B65ECAD6318A4E82ED908014 /* Pods-FinalProject.release.xcconfig */,
			);
			name = Pods;
			sourceTree = "<group>";
		};
/* End PBXGroup section */

/* Begin PBXNativeTarget section */
		54529ED32087AFA2007B769B /* FinalProject */ = {
			isa = PBXNativeTarget;
			buildConfigurationList = 54529EE62087AFA4007B769B /* Build configuration list for PBXNativeTarget "FinalProject" */;
			buildPhases = (
				CD82EAEE5EA672FC621B3AB6 /* [CP] Check Pods Manifest.lock */,
				54529ED02087AFA2007B769B /* Sources */,
				54529ED12087AFA2007B769B /* Frameworks */,
				54529ED22087AFA2007B769B /* Resources */,
				EECBE351C0677B8EB4C27A78 /* [CP] Embed Pods Frameworks */,
				A1DA0B93A7EF9C549EE5643A /* [CP] Copy Pods Resources */,
			);
			buildRules = (
			);
			dependencies = (
			);
			name = FinalProject;
			productName = FinalProject;
			productReference = 54529ED42087AFA2007B769B /* FinalProject.app */;
			productType = "com.apple.product-type.application";
		};
/* End PBXNativeTarget section */

/* Begin PBXProject section */
		54529ECC2087AFA2007B769B /* Project object */ = {
			isa = PBXProject;
			attributes = {
				LastSwiftUpdateCheck = 0930;
				LastUpgradeCheck = 0930;
				ORGANIZATIONNAME = Newman;
				TargetAttributes = {
					54529ED32087AFA2007B769B = {
						CreatedOnToolsVersion = 9.3;
					};
				};
			};
			buildConfigurationList = 54529ECF2087AFA2007B769B /* Build configuration list for PBXProject "FinalProject" */;
			compatibilityVersion = "Xcode 9.3";
			developmentRegion = en;
			hasScannedForEncodings = 0;
			knownRegions = (
				en,
				Base,
			);
			mainGroup = 54529ECB2087AFA2007B769B;
			productRefGroup = 54529ED52087AFA2007B769B /* Products */;
			projectDirPath = "";
			projectRoot = "";
			targets = (
				54529ED32087AFA2007B769B /* FinalProject */,
			);
		};
/* End PBXProject section */

/* Begin PBXResourcesBuildPhase section */
		54529ED22087AFA2007B769B /* Resources */ = {
			isa = PBXResourcesBuildPhase;
			buildActionMask = 2147483647;
			files = (
				54529EE22087AFA4007B769B /* LaunchScreen.storyboard in Resources */,
				54529EDF2087AFA4007B769B /* Assets.xcassets in Resources */,
				54529EDD2087AFA2007B769B /* Main.storyboard in Resources */,
				5456F7EA208E819E00E69BA0 /* Info.plist in Resources */,
				54529EEC2087B87C007B769B /* Twitter-Kit-iOS in Resources */,
			);
			runOnlyForDeploymentPostprocessing = 0;
		};
/* End PBXResourcesBuildPhase section */

/* Begin PBXShellScriptBuildPhase section */
		A1DA0B93A7EF9C549EE5643A /* [CP] Copy Pods Resources */ = {
			isa = PBXShellScriptBuildPhase;
			buildActionMask = 2147483647;
			files = (
			);
			inputPaths = (
				"${SRCROOT}/Pods/Target Support Files/Pods-FinalProject/Pods-FinalProject-resources.sh",
				"${PODS_ROOT}/TwitterKit/iOS/TwitterKit.framework/TwitterKitResources.bundle",
				"${PODS_ROOT}/TwitterKit/iOS/TwitterKit.framework/TwitterShareExtensionUIResources.bundle",
			);
			name = "[CP] Copy Pods Resources";
			outputPaths = (
				"${TARGET_BUILD_DIR}/${UNLOCALIZED_RESOURCES_FOLDER_PATH}/TwitterKitResources.bundle",
				"${TARGET_BUILD_DIR}/${UNLOCALIZED_RESOURCES_FOLDER_PATH}/TwitterShareExtensionUIResources.bundle",
			);
			runOnlyForDeploymentPostprocessing = 0;
			shellPath = /bin/sh;
			shellScript = "\"${SRCROOT}/Pods/Target Support Files/Pods-FinalProject/Pods-FinalProject-resources.sh\"\n";
			showEnvVarsInLog = 0;
		};
		CD82EAEE5EA672FC621B3AB6 /* [CP] Check Pods Manifest.lock */ = {
			isa = PBXShellScriptBuildPhase;
			buildActionMask = 2147483647;
			files = (
			);
			inputPaths = (
				"${PODS_PODFILE_DIR_PATH}/Podfile.lock",
				"${PODS_ROOT}/Manifest.lock",
			);
			name = "[CP] Check Pods Manifest.lock";
			outputPaths = (
				"$(DERIVED_FILE_DIR)/Pods-FinalProject-checkManifestLockResult.txt",
			);
			runOnlyForDeploymentPostprocessing = 0;
			shellPath = /bin/sh;
			shellScript = "diff \"${PODS_PODFILE_DIR_PATH}/Podfile.lock\" \"${PODS_ROOT}/Manifest.lock\" > /dev/null\nif [ $? != 0 ] ; then\n    # print error to STDERR\n    echo \"error: The sandbox is not in sync with the Podfile.lock. Run 'pod install' or update your CocoaPods installation.\" >&2\n    exit 1\nfi\n# This output is used by Xcode 'outputs' to avoid re-running this script phase.\necho \"SUCCESS\" > \"${SCRIPT_OUTPUT_FILE_0}\"\n";
			showEnvVarsInLog = 0;
		};
		EECBE351C0677B8EB4C27A78 /* [CP] Embed Pods Frameworks */ = {
			isa = PBXShellScriptBuildPhase;
			buildActionMask = 2147483647;
			files = (
			);
			inputPaths = (
				"${SRCROOT}/Pods/Target Support Files/Pods-FinalProject/Pods-FinalProject-frameworks.sh",
				"${PODS_ROOT}/TwitterCore/iOS/TwitterCore.framework",
				"${PODS_ROOT}/TwitterKit/iOS/TwitterKit.framework",
			);
			name = "[CP] Embed Pods Frameworks";
			outputPaths = (
				"${TARGET_BUILD_DIR}/${FRAMEWORKS_FOLDER_PATH}/TwitterCore.framework",
				"${TARGET_BUILD_DIR}/${FRAMEWORKS_FOLDER_PATH}/TwitterKit.framework",
			);
			runOnlyForDeploymentPostprocessing = 0;
			shellPath = /bin/sh;
			shellScript = "\"${SRCROOT}/Pods/Target Support Files/Pods-FinalProject/Pods-FinalProject-frameworks.sh\"\n";
			showEnvVarsInLog = 0;
		};
/* End PBXShellScriptBuildPhase section */

/* Begin PBXSourcesBuildPhase section */
		54529ED02087AFA2007B769B /* Sources */ = {
			isa = PBXSourcesBuildPhase;
			buildActionMask = 2147483647;
			files = (
				54529EDA2087AFA2007B769B /* ViewController.swift in Sources */,
				54B1D8BB2093AB8C00ACC0AF /* SecondTeamVC.swift in Sources */,
				54529ED82087AFA2007B769B /* AppDelegate.swift in Sources */,
				54397FEF209271EF0079D365 /* ListTimelineTableViewController.swift in Sources */,
			);
			runOnlyForDeploymentPostprocessing = 0;
		};
/* End PBXSourcesBuildPhase section */

/* Begin PBXVariantGroup section */
		54529EDB2087AFA2007B769B /* Main.storyboard */ = {
			isa = PBXVariantGroup;
			children = (
				54529EDC2087AFA2007B769B /* Base */,
			);
			name = Main.storyboard;
			sourceTree = "<group>";
		};
		54529EE02087AFA4007B769B /* LaunchScreen.storyboard */ = {
			isa = PBXVariantGroup;
			children = (
				54529EE12087AFA4007B769B /* Base */,
			);
			name = LaunchScreen.storyboard;
			sourceTree = "<group>";
		};
/* End PBXVariantGroup section */

/* Begin XCBuildConfiguration section */
		54529EE42087AFA4007B769B /* Debug */ = {
			isa = XCBuildConfiguration;
			buildSettings = {
				ALWAYS_SEARCH_USER_PATHS = NO;
				CLANG_ANALYZER_NONNULL = YES;
				CLANG_ANALYZER_NUMBER_OBJECT_CONVERSION = YES_AGGRESSIVE;
				CLANG_CXX_LANGUAGE_STANDARD = "gnu++14";
				CLANG_CXX_LIBRARY = "libc++";
				CLANG_ENABLE_MODULES = YES;
				CLANG_ENABLE_OBJC_ARC = YES;
				CLANG_ENABLE_OBJC_WEAK = YES;
				CLANG_WARN_BLOCK_CAPTURE_AUTORELEASING = YES;
				CLANG_WARN_BOOL_CONVERSION = YES;
				CLANG_WARN_COMMA = YES;
				CLANG_WARN_CONSTANT_CONVERSION = YES;
				CLANG_WARN_DEPRECATED_OBJC_IMPLEMENTATIONS = YES;
				CLANG_WARN_DIRECT_OBJC_ISA_USAGE = YES_ERROR;
				CLANG_WARN_DOCUMENTATION_COMMENTS = YES;
				CLANG_WARN_EMPTY_BODY = YES;
				CLANG_WARN_ENUM_CONVERSION = YES;
				CLANG_WARN_INFINITE_RECURSION = YES;
				CLANG_WARN_INT_CONVERSION = YES;
				CLANG_WARN_NON_LITERAL_NULL_CONVERSION = YES;
				CLANG_WARN_OBJC_IMPLICIT_RETAIN_SELF = YES;
				CLANG_WARN_OBJC_LITERAL_CONVERSION = YES;
				CLANG_WARN_OBJC_ROOT_CLASS = YES_ERROR;
				CLANG_WARN_RANGE_LOOP_ANALYSIS = YES;
				CLANG_WARN_STRICT_PROTOTYPES = YES;
				CLANG_WARN_SUSPICIOUS_MOVE = YES;
				CLANG_WARN_UNGUARDED_AVAILABILITY = YES_AGGRESSIVE;
				CLANG_WARN_UNREACHABLE_CODE = YES;
				CLANG_WARN__DUPLICATE_METHOD_MATCH = YES;
				CODE_SIGN_IDENTITY = "iPhone Developer";
				COPY_PHASE_STRIP = NO;
				DEBUG_INFORMATION_FORMAT = dwarf;
				ENABLE_STRICT_OBJC_MSGSEND = YES;
				ENABLE_TESTABILITY = YES;
				GCC_C_LANGUAGE_STANDARD = gnu11;
				GCC_DYNAMIC_NO_PIC = NO;
				GCC_NO_COMMON_BLOCKS = YES;
				GCC_OPTIMIZATION_LEVEL = 0;
				GCC_PREPROCESSOR_DEFINITIONS = (
					"DEBUG=1",
					"$(inherited)",
				);
				GCC_WARN_64_TO_32_BIT_CONVERSION = YES;
				GCC_WARN_ABOUT_RETURN_TYPE = YES_ERROR;
				GCC_WARN_UNDECLARED_SELECTOR = YES;
				GCC_WARN_UNINITIALIZED_AUTOS = YES_AGGRESSIVE;
				GCC_WARN_UNUSED_FUNCTION = YES;
				GCC_WARN_UNUSED_VARIABLE = YES;
				IPHONEOS_DEPLOYMENT_TARGET = 11.3;
				MTL_ENABLE_DEBUG_INFO = YES;
				ONLY_ACTIVE_ARCH = YES;
				SDKROOT = iphoneos;
				SWIFT_ACTIVE_COMPILATION_CONDITIONS = DEBUG;
				SWIFT_OPTIMIZATION_LEVEL = "-Onone";
			};
			name = Debug;
		};
		54529EE52087AFA4007B769B /* Release */ = {
			isa = XCBuildConfiguration;
			buildSettings = {
				ALWAYS_SEARCH_USER_PATHS = NO;
				CLANG_ANALYZER_NONNULL = YES;
				CLANG_ANALYZER_NUMBER_OBJECT_CONVERSION = YES_AGGRESSIVE;
				CLANG_CXX_LANGUAGE_STANDARD = "gnu++14";
				CLANG_CXX_LIBRARY = "libc++";
				CLANG_ENABLE_MODULES = YES;
				CLANG_ENABLE_OBJC_ARC = YES;
				CLANG_ENABLE_OBJC_WEAK = YES;
				CLANG_WARN_BLOCK_CAPTURE_AUTORELEASING = YES;
				CLANG_WARN_BOOL_CONVERSION = YES;
				CLANG_WARN_COMMA = YES;
				CLANG_WARN_CONSTANT_CONVERSION = YES;
				CLANG_WARN_DEPRECATED_OBJC_IMPLEMENTATIONS = YES;
				CLANG_WARN_DIRECT_OBJC_ISA_USAGE = YES_ERROR;
				CLANG_WARN_DOCUMENTATION_COMMENTS = YES;
				CLANG_WARN_EMPTY_BODY = YES;
				CLANG_WARN_ENUM_CONVERSION = YES;
				CLANG_WARN_INFINITE_RECURSION = YES;
				CLANG_WARN_INT_CONVERSION = YES;
				CLANG_WARN_NON_LITERAL_NULL_CONVERSION = YES;
				CLANG_WARN_OBJC_IMPLICIT_RETAIN_SELF = YES;
				CLANG_WARN_OBJC_LITERAL_CONVERSION = YES;
				CLANG_WARN_OBJC_ROOT_CLASS = YES_ERROR;
				CLANG_WARN_RANGE_LOOP_ANALYSIS = YES;
				CLANG_WARN_STRICT_PROTOTYPES = YES;
				CLANG_WARN_SUSPICIOUS_MOVE = YES;
				CLANG_WARN_UNGUARDED_AVAILABILITY = YES_AGGRESSIVE;
				CLANG_WARN_UNREACHABLE_CODE = YES;
				CLANG_WARN__DUPLICATE_METHOD_MATCH = YES;
				CODE_SIGN_IDENTITY = "iPhone Developer";
				COPY_PHASE_STRIP = NO;
				DEBUG_INFORMATION_FORMAT = "dwarf-with-dsym";
				ENABLE_NS_ASSERTIONS = NO;
				ENABLE_STRICT_OBJC_MSGSEND = YES;
				GCC_C_LANGUAGE_STANDARD = gnu11;
				GCC_NO_COMMON_BLOCKS = YES;
				GCC_WARN_64_TO_32_BIT_CONVERSION = YES;
				GCC_WARN_ABOUT_RETURN_TYPE = YES_ERROR;
				GCC_WARN_UNDECLARED_SELECTOR = YES;
				GCC_WARN_UNINITIALIZED_AUTOS = YES_AGGRESSIVE;
				GCC_WARN_UNUSED_FUNCTION = YES;
				GCC_WARN_UNUSED_VARIABLE = YES;
				IPHONEOS_DEPLOYMENT_TARGET = 11.3;
				MTL_ENABLE_DEBUG_INFO = NO;
				SDKROOT = iphoneos;
				SWIFT_COMPILATION_MODE = wholemodule;
				SWIFT_OPTIMIZATION_LEVEL = "-O";
				VALIDATE_PRODUCT = YES;
			};
			name = Release;
		};
		54529EE72087AFA4007B769B /* Debug */ = {
			isa = XCBuildConfiguration;
			baseConfigurationReference = D7F302984F2297F30D797B13 /* Pods-FinalProject.debug.xcconfig */;
			buildSettings = {
				ASSETCATALOG_COMPILER_APPICON_NAME = AppIcon;
				CODE_SIGN_STYLE = Automatic;
				DEVELOPMENT_TEAM = ST756CJ78E;
				INFOPLIST_FILE = FinalProject/Info.plist;
				LD_RUNPATH_SEARCH_PATHS = (
					"$(inherited)",
					"@executable_path/Frameworks",
				);
				PRODUCT_BUNDLE_IDENTIFIER = com.Newman.FinalProject;
				PRODUCT_NAME = "$(TARGET_NAME)";
				SWIFT_VERSION = 4.0;
				TARGETED_DEVICE_FAMILY = "1,2";
			};
			name = Debug;
		};
		54529EE82087AFA4007B769B /* Release */ = {
			isa = XCBuildConfiguration;
			baseConfigurationReference = B65ECAD6318A4E82ED908014 /* Pods-FinalProject.release.xcconfig */;
			buildSettings = {
				ASSETCATALOG_COMPILER_APPICON_NAME = AppIcon;
				CODE_SIGN_STYLE = Automatic;
				DEVELOPMENT_TEAM = ST756CJ78E;
				INFOPLIST_FILE = FinalProject/Info.plist;
				LD_RUNPATH_SEARCH_PATHS = (
					"$(inherited)",
					"@executable_path/Frameworks",
				);
				PRODUCT_BUNDLE_IDENTIFIER = com.Newman.FinalProject;
				PRODUCT_NAME = "$(TARGET_NAME)";
				SWIFT_VERSION = 4.0;
				TARGETED_DEVICE_FAMILY = "1,2";
			};
			name = Release;
		};
/* End XCBuildConfiguration section */

/* Begin XCConfigurationList section */
		54529ECF2087AFA2007B769B /* Build configuration list for PBXProject "FinalProject" */ = {
			isa = XCConfigurationList;
			buildConfigurations = (
				54529EE42087AFA4007B769B /* Debug */,
				54529EE52087AFA4007B769B /* Release */,
			);
			defaultConfigurationIsVisible = 0;
			defaultConfigurationName = Release;
		};
		54529EE62087AFA4007B769B /* Build configuration list for PBXNativeTarget "FinalProject" */ = {
			isa = XCConfigurationList;
			buildConfigurations = (
				54529EE72087AFA4007B769B /* Debug */,
				54529EE82087AFA4007B769B /* Release */,
			);
			defaultConfigurationIsVisible = 0;
			defaultConfigurationName = Release;
		};
/* End XCConfigurationList section */
	};
	rootObject = 54529ECC2087AFA2007B769B /* Project object */;
}
